// !$*UTF8*$!
{
	archiveVersion = 1;
	classes = {
	};
	objectVersion = 50;
	objects = {

/* Begin PBXBuildFile section */
		CF96516D23A11D9A00A6B97B /* AppDelegate.swift in Sources */ = {isa = PBXBuildFile; fileRef = CF96516C23A11D9A00A6B97B /* AppDelegate.swift */; };
		CF96516F23A11D9A00A6B97B /* SceneDelegate.swift in Sources */ = {isa = PBXBuildFile; fileRef = CF96516E23A11D9A00A6B97B /* SceneDelegate.swift */; };
		CF96517123A11D9A00A6B97B /* ViewController.swift in Sources */ = {isa = PBXBuildFile; fileRef = CF96517023A11D9A00A6B97B /* ViewController.swift */; };
		CF96517423A11D9A00A6B97B /* Main.storyboard in Resources */ = {isa = PBXBuildFile; fileRef = CF96517223A11D9A00A6B97B /* Main.storyboard */; };
		CF96517623A11D9E00A6B97B /* Assets.xcassets in Resources */ = {isa = PBXBuildFile; fileRef = CF96517523A11D9E00A6B97B /* Assets.xcassets */; };
		CF96517923A11D9E00A6B97B /* LaunchScreen.storyboard in Resources */ = {isa = PBXBuildFile; fileRef = CF96517723A11D9E00A6B97B /* LaunchScreen.storyboard */; };
/* End PBXBuildFile section */

/* Begin PBXFileReference section */
		CF96516923A11D9A00A6B97B /* FriendsListVK.app */ = {isa = PBXFileReference; explicitFileType = wrapper.application; includeInIndex = 0; path = FriendsListVK.app; sourceTree = BUILT_PRODUCTS_DIR; };
		CF96516C23A11D9A00A6B97B /* AppDelegate.swift */ = {isa = PBXFileReference; lastKnownFileType = sourcecode.swift; path = AppDelegate.swift; sourceTree = "<group>"; };
		CF96516E23A11D9A00A6B97B /* SceneDelegate.swift */ = {isa = PBXFileReference; lastKnownFileType = sourcecode.swift; path = SceneDelegate.swift; sourceTree = "<group>"; };
		CF96517023A11D9A00A6B97B /* ViewController.swift */ = {isa = PBXFileReference; lastKnownFileType = sourcecode.swift; path = ViewController.swift; sourceTree = "<group>"; };
		CF96517323A11D9A00A6B97B /* Base */ = {isa = PBXFileReference; lastKnownFileType = file.storyboard; name = Base; path = Base.lproj/Main.storyboard; sourceTree = "<group>"; };
		CF96517523A11D9E00A6B97B /* Assets.xcassets */ = {isa = PBXFileReference; lastKnownFileType = folder.assetcatalog; path = Assets.xcassets; sourceTree = "<group>"; };
		CF96517823A11D9E00A6B97B /* Base */ = {isa = PBXFileReference; lastKnownFileType = file.storyboard; name = Base; path = Base.lproj/LaunchScreen.storyboard; sourceTree = "<group>"; };
		CF96517A23A11D9E00A6B97B /* Info.plist */ = {isa = PBXFileReference; lastKnownFileType = text.plist.xml; path = Info.plist; sourceTree = "<group>"; };
/* End PBXFileReference section */

/* Begin PBXFrameworksBuildPhase section */
		CF96516623A11D9A00A6B97B /* Frameworks */ = {
			isa = PBXFrameworksBuildPhase;
			buildActionMask = 2147483647;
			files = (
			);
			runOnlyForDeploymentPostprocessing = 0;
		};
/* End PBXFrameworksBuildPhase section */

/* Begin PBXGroup section */
		CF96516023A11D9A00A6B97B = {
			isa = PBXGroup;
			children = (
				CF96516B23A11D9A00A6B97B /* FriendsListVK */,
				CF96516A23A11D9A00A6B97B /* Products */,
			);
			sourceTree = "<group>";
		};
		CF96516A23A11D9A00A6B97B /* Products */ = {
			isa = PBXGroup;
			children = (
				CF96516923A11D9A00A6B97B /* FriendsListVK.app */,
			);
			name = Products;
			sourceTree = "<group>";
		};
		CF96516B23A11D9A00A6B97B /* FriendsListVK */ = {
			isa = PBXGroup;
			children = (
				CF96516C23A11D9A00A6B97B /* AppDelegate.swift */,
				CF96516E23A11D9A00A6B97B /* SceneDelegate.swift */,
				CF96517023A11D9A00A6B97B /* ViewController.swift */,
				CF96517223A11D9A00A6B97B /* Main.storyboard */,
				CF96517523A11D9E00A6B97B /* Assets.xcassets */,
				CF96517723A11D9E00A6B97B /* LaunchScreen.storyboard */,
				CF96517A23A11D9E00A6B97B /* Info.plist */,
			);
			path = FriendsListVK;
			sourceTree = "<group>";
		};
/* End PBXGroup section */

/* Begin PBXNativeTarget section */
		CF96516823A11D9A00A6B97B /* FriendsListVK */ = {
			isa = PBXNativeTarget;
			buildConfigurationList = CF96517D23A11D9E00A6B97B /* Build configuration list for PBXNativeTarget "FriendsListVK" */;
			buildPhases = (
				CF96516523A11D9A00A6B97B /* Sources */,
				CF96516623A11D9A00A6B97B /* Frameworks */,
				CF96516723A11D9A00A6B97B /* Resources */,
			);
			buildRules = (
			);
			dependencies = (
			);
			name = FriendsListVK;
			productName = FriendsListVK;
			productReference = CF96516923A11D9A00A6B97B /* FriendsListVK.app */;
			productType = "com.apple.product-type.application";
		};
/* End PBXNativeTarget section */

/* Begin PBXProject section */
		CF96516123A11D9A00A6B97B /* Project object */ = {
			isa = PBXProject;
			attributes = {
				LastSwiftUpdateCheck = 1120;
				LastUpgradeCheck = 1120;
				ORGANIZATIONNAME = "Ivan Babushkin";
				TargetAttributes = {
					CF96516823A11D9A00A6B97B = {
						CreatedOnToolsVersion = 11.2.1;
					};
				};
			};
			buildConfigurationList = CF96516423A11D9A00A6B97B /* Build configuration list for PBXProject "FriendsListVK" */;
			compatibilityVersion = "Xcode 9.3";
			developmentRegion = en;
			hasScannedForEncodings = 0;
			knownRegions = (
				en,
				Base,
			);
			mainGroup = CF96516023A11D9A00A6B97B;
			productRefGroup = CF96516A23A11D9A00A6B97B /* Products */;
			projectDirPath = "";
			projectRoot = "";
			targets = (
				CF96516823A11D9A00A6B97B /* FriendsListVK */,
			);
		};
/* End PBXProject section */

/* Begin PBXResourcesBuildPhase section */
		CF96516723A11D9A00A6B97B /* Resources */ = {
			isa = PBXResourcesBuildPhase;
			buildActionMask = 2147483647;
			files = (
				CF96517923A11D9E00A6B97B /* LaunchScreen.storyboard in Resources */,
				CF96517623A11D9E00A6B97B /* Assets.xcassets in Resources */,
				CF96517423A11D9A00A6B97B /* Main.storyboard in Resources */,
			);
			runOnlyForDeploymentPostprocessing = 0;
		};
/* End PBXResourcesBuildPhase section */

/* Begin PBXSourcesBuildPhase section */
		CF96516523A11D9A00A6B97B /* Sources */ = {
			isa = PBXSourcesBuildPhase;
			buildActionMask = 2147483647;
			files = (
				CF96517123A11D9A00A6B97B /* ViewController.swift in Sources */,
				CF96516D23A11D9A00A6B97B /* AppDelegate.swift in Sources */,
				CF96516F23A11D9A00A6B97B /* SceneDelegate.swift in Sources */,
			);
			runOnlyForDeploymentPostprocessing = 0;
		};
/* End PBXSourcesBuildPhase section */

/* Begin PBXVariantGroup section */
		CF96517223A11D9A00A6B97B /* Main.storyboard */ = {
			isa = PBXVariantGroup;
			children = (
				CF96517323A11D9A00A6B97B /* Base */,
			);
			name = Main.storyboard;
			sourceTree = "<group>";
		};
		CF96517723A11D9E00A6B97B /* LaunchScreen.storyboard */ = {
			isa = PBXVariantGroup;
			children = (
				CF96517823A11D9E00A6B97B /* Base */,
			);
			name = LaunchScreen.storyboard;
			sourceTree = "<group>";
		};
/* End PBXVariantGroup section */

/* Begin XCBuildConfiguration section */
		CF96517B23A11D9E00A6B97B /* Debug */ = {
			isa = XCBuildConfiguration;
			buildSettings = {
				ALWAYS_SEARCH_USER_PATHS = NO;
				CLANG_ANALYZER_NONNULL = YES;
				CLANG_ANALYZER_NUMBER_OBJECT_CONVERSION = YES_AGGRESSIVE;
				CLANG_CXX_LANGUAGE_STANDARD = "gnu++14";
				CLANG_CXX_LIBRARY = "libc++";
				CLANG_ENABLE_MODULES = YES;
				CLANG_ENABLE_OBJC_ARC = YES;
				CLANG_ENABLE_OBJC_WEAK = YES;
				CLANG_WARN_BLOCK_CAPTURE_AUTORELEASING = YES;
				CLANG_WARN_BOOL_CONVERSION = YES;
				CLANG_WARN_COMMA = YES;
				CLANG_WARN_CONSTANT_CONVERSION = YES;
				CLANG_WARN_DEPRECATED_OBJC_IMPLEMENTATIONS = YES;
				CLANG_WARN_DIRECT_OBJC_ISA_USAGE = YES_ERROR;
				CLANG_WARN_DOCUMENTATION_COMMENTS = YES;
				CLANG_WARN_EMPTY_BODY = YES;
				CLANG_WARN_ENUM_CONVERSION = YES;
				CLANG_WARN_INFINITE_RECURSION = YES;
				CLANG_WARN_INT_CONVERSION = YES;
				CLANG_WARN_NON_LITERAL_NULL_CONVERSION = YES;
				CLANG_WARN_OBJC_IMPLICIT_RETAIN_SELF = YES;
				CLANG_WARN_OBJC_LITERAL_CONVERSION = YES;
				CLANG_WARN_OBJC_ROOT_CLASS = YES_ERROR;
				CLANG_WARN_RANGE_LOOP_ANALYSIS = YES;
				CLANG_WARN_STRICT_PROTOTYPES = YES;
				CLANG_WARN_SUSPICIOUS_MOVE = YES;
				CLANG_WARN_UNGUARDED_AVAILABILITY = YES_AGGRESSIVE;
				CLANG_WARN_UNREACHABLE_CODE = YES;
				CLANG_WARN__DUPLICATE_METHOD_MATCH = YES;
				COPY_PHASE_STRIP = NO;
				DEBUG_INFORMATION_FORMAT = dwarf;
				ENABLE_STRICT_OBJC_MSGSEND = YES;
				ENABLE_TESTABILITY = YES;
				GCC_C_LANGUAGE_STANDARD = gnu11;
				GCC_DYNAMIC_NO_PIC = NO;
				GCC_NO_COMMON_BLOCKS = YES;
				GCC_OPTIMIZATION_LEVEL = 0;
				GCC_PREPROCESSOR_DEFINITIONS = (
					"DEBUG=1",
					"$(inherited)",
				);
				GCC_WARN_64_TO_32_BIT_CONVERSION = YES;
				GCC_WARN_ABOUT_RETURN_TYPE = YES_ERROR;
				GCC_WARN_UNDECLARED_SELECTOR = YES;
				GCC_WARN_UNINITIALIZED_AUTOS = YES_AGGRESSIVE;
				GCC_WARN_UNUSED_FUNCTION = YES;
				GCC_WARN_UNUSED_VARIABLE = YES;
				IPHONEOS_DEPLOYMENT_TARGET = 13.2;
				MTL_ENABLE_DEBUG_INFO = INCLUDE_SOURCE;
				MTL_FAST_MATH = YES;
				ONLY_ACTIVE_ARCH = YES;
				SDKROOT = iphoneos;
				SWIFT_ACTIVE_COMPILATION_CONDITIONS = DEBUG;
				SWIFT_OPTIMIZATION_LEVEL = "-Onone";
			};
			name = Debug;
		};
		CF96517C23A11D9E00A6B97B /* Release */ = {
			isa = XCBuildConfiguration;
			buildSettings = {
				ALWAYS_SEARCH_USER_PATHS = NO;
				CLANG_ANALYZER_NONNULL = YES;
				CLANG_ANALYZER_NUMBER_OBJECT_CONVERSION = YES_AGGRESSIVE;
				CLANG_CXX_LANGUAGE_STANDARD = "gnu++14";
				CLANG_CXX_LIBRARY = "libc++";
				CLANG_ENABLE_MODULES = YES;
				CLANG_ENABLE_OBJC_ARC = YES;
				CLANG_ENABLE_OBJC_WEAK = YES;
				CLANG_WARN_BLOCK_CAPTURE_AUTORELEASING = YES;
				CLANG_WARN_BOOL_CONVERSION = YES;
				CLANG_WARN_COMMA = YES;
				CLANG_WARN_CONSTANT_CONVERSION = YES;
				CLANG_WARN_DEPRECATED_OBJC_IMPLEMENTATIONS = YES;
				CLANG_WARN_DIRECT_OBJC_ISA_USAGE = YES_ERROR;
				CLANG_WARN_DOCUMENTATION_COMMENTS = YES;
				CLANG_WARN_EMPTY_BODY = YES;
				CLANG_WARN_ENUM_CONVERSION = YES;
				CLANG_WARN_INFINITE_RECURSION = YES;
				CLANG_WARN_INT_CONVERSION = YES;
				CLANG_WARN_NON_LITERAL_NULL_CONVERSION = YES;
				CLANG_WARN_OBJC_IMPLICIT_RETAIN_SELF = YES;
				CLANG_WARN_OBJC_LITERAL_CONVERSION = YES;
				CLANG_WARN_OBJC_ROOT_CLASS = YES_ERROR;
				CLANG_WARN_RANGE_LOOP_ANALYSIS = YES;
				CLANG_WARN_STRICT_PROTOTYPES = YES;
				CLANG_WARN_SUSPICIOUS_MOVE = YES;
				CLANG_WARN_UNGUARDED_AVAILABILITY = YES_AGGRESSIVE;
				CLANG_WARN_UNREACHABLE_CODE = YES;
				CLANG_WARN__DUPLICATE_METHOD_MATCH = YES;
				COPY_PHASE_STRIP = NO;
				DEBUG_INFORMATION_FORMAT = "dwarf-with-dsym";
				ENABLE_NS_ASSERTIONS = NO;
				ENABLE_STRICT_OBJC_MSGSEND = YES;
				GCC_C_LANGUAGE_STANDARD = gnu11;
				GCC_NO_COMMON_BLOCKS = YES;
				GCC_WARN_64_TO_32_BIT_CONVERSION = YES;
				GCC_WARN_ABOUT_RETURN_TYPE = YES_ERROR;
				GCC_WARN_UNDECLARED_SELECTOR = YES;
				GCC_WARN_UNINITIALIZED_AUTOS = YES_AGGRESSIVE;
				GCC_WARN_UNUSED_FUNCTION = YES;
				GCC_WARN_UNUSED_VARIABLE = YES;
				IPHONEOS_DEPLOYMENT_TARGET = 13.2;
				MTL_ENABLE_DEBUG_INFO = NO;
				MTL_FAST_MATH = YES;
				SDKROOT = iphoneos;
				SWIFT_COMPILATION_MODE = wholemodule;
				SWIFT_OPTIMIZATION_LEVEL = "-O";
				VALIDATE_PRODUCT = YES;
			};
			name = Release;
		};
		CF96517E23A11D9E00A6B97B /* Debug */ = {
			isa = XCBuildConfiguration;
			buildSettings = {
				ASSETCATALOG_COMPILER_APPICON_NAME = AppIcon;
				CODE_SIGN_STYLE = Automatic;
				DEVELOPMENT_TEAM = XDNPF5F49P;
				INFOPLIST_FILE = FriendsListVK/Info.plist;
				LD_RUNPATH_SEARCH_PATHS = (
					"$(inherited)",
					"@executable_path/Frameworks",
				);
				PRODUCT_BUNDLE_IDENTIFIER = sundesire.FriendsListVK;
				PRODUCT_NAME = "$(TARGET_NAME)";
				SWIFT_VERSION = 5.0;
				TARGETED_DEVICE_FAMILY = "1,2";
			};
			name = Debug;
		};
		CF96517F23A11D9E00A6B97B /* Release */ = {
			isa = XCBuildConfiguration;
			buildSettings = {
				ASSETCATALOG_COMPILER_APPICON_NAME = AppIcon;
				CODE_SIGN_STYLE = Automatic;
				DEVELOPMENT_TEAM = XDNPF5F49P;
				INFOPLIST_FILE = FriendsListVK/Info.plist;
				LD_RUNPATH_SEARCH_PATHS = (
					"$(inherited)",
					"@executable_path/Frameworks",
				);
				PRODUCT_BUNDLE_IDENTIFIER = sundesire.FriendsListVK;
				PRODUCT_NAME = "$(TARGET_NAME)";
				SWIFT_VERSION = 5.0;
				TARGETED_DEVICE_FAMILY = "1,2";
			};
			name = Release;
		};
/* End XCBuildConfiguration section */

/* Begin XCConfigurationList section */
		CF96516423A11D9A00A6B97B /* Build configuration list for PBXProject "FriendsListVK" */ = {
			isa = XCConfigurationList;
			buildConfigurations = (
				CF96517B23A11D9E00A6B97B /* Debug */,
				CF96517C23A11D9E00A6B97B /* Release */,
			);
			defaultConfigurationIsVisible = 0;
			defaultConfigurationName = Release;
		};
		CF96517D23A11D9E00A6B97B /* Build configuration list for PBXNativeTarget "FriendsListVK" */ = {
			isa = XCConfigurationList;
			buildConfigurations = (
				CF96517E23A11D9E00A6B97B /* Debug */,
				CF96517F23A11D9E00A6B97B /* Release */,
			);
			defaultConfigurationIsVisible = 0;
			defaultConfigurationName = Release;
		};
/* End XCConfigurationList section */
	};
	rootObject = CF96516123A11D9A00A6B97B /* Project object */;
}
